// !$*UTF8*$!
{
	archiveVersion = 1;
	classes = {
	};
	objectVersion = 46;
	objects = {

/* Begin PBXBuildFile section */
		F9B3D1DB1E8599400043AA8F /* main.cpp in Sources */ = {isa = PBXBuildFile; fileRef = F9B3D1DA1E8599400043AA8F /* main.cpp */; };
		F9B3D1E41E8599A20043AA8F /* NetPort.cpp in Sources */ = {isa = PBXBuildFile; fileRef = F9B3D1E21E8599A20043AA8F /* NetPort.cpp */; };
		F9B3D1E91E8599F10043AA8F /* timer.cpp in Sources */ = {isa = PBXBuildFile; fileRef = F9B3D1E71E8599F10043AA8F /* timer.cpp */; };
		F9B3D1EC1E859B8D0043AA8F /* CommPort.cpp in Sources */ = {isa = PBXBuildFile; fileRef = F9B3D1EA1E859B8D0043AA8F /* CommPort.cpp */; };
/* End PBXBuildFile section */

/* Begin PBXCopyFilesBuildPhase section */
		F9B3D1D51E8599400043AA8F /* CopyFiles */ = {
			isa = PBXCopyFilesBuildPhase;
			buildActionMask = 2147483647;
			dstPath = /usr/share/man/man1/;
			dstSubfolderSpec = 0;
			files = (
			);
			runOnlyForDeploymentPostprocessing = 1;
		};
/* End PBXCopyFilesBuildPhase section */

/* Begin PBXFileReference section */
		F9B3D1D71E8599400043AA8F /* netrecv */ = {isa = PBXFileReference; explicitFileType = "compiled.mach-o.executable"; includeInIndex = 0; path = netrecv; sourceTree = BUILT_PRODUCTS_DIR; };
		F9B3D1DA1E8599400043AA8F /* main.cpp */ = {isa = PBXFileReference; lastKnownFileType = sourcecode.cpp.cpp; path = main.cpp; sourceTree = "<group>"; };
		F9B3D1E21E8599A20043AA8F /* NetPort.cpp */ = {isa = PBXFileReference; fileEncoding = 4; lastKnownFileType = sourcecode.cpp.cpp; name = NetPort.cpp; path = ../../../shared/NetPort.cpp; sourceTree = "<group>"; };
		F9B3D1E31E8599A20043AA8F /* NetPort.h */ = {isa = PBXFileReference; fileEncoding = 4; lastKnownFileType = sourcecode.c.h; name = NetPort.h; path = ../../../shared/NetPort.h; sourceTree = "<group>"; };
		F9B3D1E61E8599CD0043AA8F /* Net.h */ = {isa = PBXFileReference; fileEncoding = 4; lastKnownFileType = sourcecode.c.h; name = Net.h; path = ../../../external/Net/Net.h; sourceTree = "<group>"; };
		F9B3D1E71E8599F10043AA8F /* timer.cpp */ = {isa = PBXFileReference; fileEncoding = 4; lastKnownFileType = sourcecode.cpp.cpp; name = timer.cpp; path = ../../../shared/timer.cpp; sourceTree = "<group>"; };
		F9B3D1E81E8599F10043AA8F /* timer.hpp */ = {isa = PBXFileReference; fileEncoding = 4; lastKnownFileType = sourcecode.cpp.h; name = timer.hpp; path = ../../../shared/timer.hpp; sourceTree = "<group>"; };
		F9B3D1EA1E859B8D0043AA8F /* CommPort.cpp */ = {isa = PBXFileReference; fileEncoding = 4; lastKnownFileType = sourcecode.cpp.cpp; name = CommPort.cpp; path = ../../../shared/CommPort.cpp; sourceTree = "<group>"; };
		F9B3D1EB1E859B8D0043AA8F /* CommPort.h */ = {isa = PBXFileReference; fileEncoding = 4; lastKnownFileType = sourcecode.c.h; name = CommPort.h; path = ../../../shared/CommPort.h; sourceTree = "<group>"; };
/* End PBXFileReference section */

/* Begin PBXFrameworksBuildPhase section */
		F9B3D1D41E8599400043AA8F /* Frameworks */ = {
			isa = PBXFrameworksBuildPhase;
			buildActionMask = 2147483647;
			files = (
			);
			runOnlyForDeploymentPostprocessing = 0;
		};
/* End PBXFrameworksBuildPhase section */

/* Begin PBXGroup section */
		F9B3D1CE1E8599400043AA8F = {
			isa = PBXGroup;
			children = (
				F9B3D1D91E8599400043AA8F /* netrecv */,
				F9B3D1D81E8599400043AA8F /* Products */,
			);
			sourceTree = "<group>";
		};
		F9B3D1D81E8599400043AA8F /* Products */ = {
			isa = PBXGroup;
			children = (
				F9B3D1D71E8599400043AA8F /* netrecv */,
			);
			name = Products;
			sourceTree = "<group>";
		};
		F9B3D1D91E8599400043AA8F /* netrecv */ = {
			isa = PBXGroup;
			children = (
				F9B3D1E51E8599BF0043AA8F /* Net */,
				F9B3D1E11E85998D0043AA8F /* shared */,
				F9B3D1DA1E8599400043AA8F /* main.cpp */,
			);
			path = netrecv;
			sourceTree = "<group>";
		};
		F9B3D1E11E85998D0043AA8F /* shared */ = {
			isa = PBXGroup;
			children = (
				F9B3D1EA1E859B8D0043AA8F /* CommPort.cpp */,
				F9B3D1EB1E859B8D0043AA8F /* CommPort.h */,
				F9B3D1E71E8599F10043AA8F /* timer.cpp */,
				F9B3D1E81E8599F10043AA8F /* timer.hpp */,
				F9B3D1E21E8599A20043AA8F /* NetPort.cpp */,
				F9B3D1E31E8599A20043AA8F /* NetPort.h */,
			);
			name = shared;
			sourceTree = "<group>";
		};
		F9B3D1E51E8599BF0043AA8F /* Net */ = {
			isa = PBXGroup;
			children = (
				F9B3D1E61E8599CD0043AA8F /* Net.h */,
			);
			name = Net;
			sourceTree = "<group>";
		};
/* End PBXGroup section */

/* Begin PBXNativeTarget section */
		F9B3D1D61E8599400043AA8F /* netrecv */ = {
			isa = PBXNativeTarget;
			buildConfigurationList = F9B3D1DE1E8599400043AA8F /* Build configuration list for PBXNativeTarget "netrecv" */;
			buildPhases = (
				F9B3D1D31E8599400043AA8F /* Sources */,
				F9B3D1D41E8599400043AA8F /* Frameworks */,
				F9B3D1D51E8599400043AA8F /* CopyFiles */,
			);
			buildRules = (
			);
			dependencies = (
			);
			name = netrecv;
			productName = netrecv;
			productReference = F9B3D1D71E8599400043AA8F /* netrecv */;
			productType = "com.apple.product-type.tool";
		};
/* End PBXNativeTarget section */

/* Begin PBXProject section */
		F9B3D1CF1E8599400043AA8F /* Project object */ = {
			isa = PBXProject;
			attributes = {
				LastUpgradeCheck = 0820;
				ORGANIZATIONNAME = "Michael Hill";
				TargetAttributes = {
					F9B3D1D61E8599400043AA8F = {
						CreatedOnToolsVersion = 8.2.1;
						DevelopmentTeam = 842T4PY6T5;
						ProvisioningStyle = Automatic;
					};
				};
			};
			buildConfigurationList = F9B3D1D21E8599400043AA8F /* Build configuration list for PBXProject "netrecv" */;
			compatibilityVersion = "Xcode 3.2";
			developmentRegion = English;
			hasScannedForEncodings = 0;
			knownRegions = (
				en,
			);
			mainGroup = F9B3D1CE1E8599400043AA8F;
			productRefGroup = F9B3D1D81E8599400043AA8F /* Products */;
			projectDirPath = "";
			projectRoot = "";
			targets = (
				F9B3D1D61E8599400043AA8F /* netrecv */,
			);
		};
/* End PBXProject section */

/* Begin PBXSourcesBuildPhase section */
		F9B3D1D31E8599400043AA8F /* Sources */ = {
			isa = PBXSourcesBuildPhase;
			buildActionMask = 2147483647;
			files = (
				F9B3D1E41E8599A20043AA8F /* NetPort.cpp in Sources */,
				F9B3D1DB1E8599400043AA8F /* main.cpp in Sources */,
				F9B3D1EC1E859B8D0043AA8F /* CommPort.cpp in Sources */,
				F9B3D1E91E8599F10043AA8F /* timer.cpp in Sources */,
			);
			runOnlyForDeploymentPostprocessing = 0;
		};
/* End PBXSourcesBuildPhase section */

/* Begin XCBuildConfiguration section */
		F9B3D1DC1E8599400043AA8F /* Debug */ = {
			isa = XCBuildConfiguration;
			buildSettings = {
				ALWAYS_SEARCH_USER_PATHS = NO;
				CLANG_ANALYZER_NONNULL = YES;
				CLANG_CXX_LANGUAGE_STANDARD = "gnu++0x";
				CLANG_CXX_LIBRARY = "libc++";
				CLANG_ENABLE_MODULES = YES;
				CLANG_ENABLE_OBJC_ARC = YES;
				CLANG_WARN_BOOL_CONVERSION = YES;
				CLANG_WARN_CONSTANT_CONVERSION = YES;
				CLANG_WARN_DIRECT_OBJC_ISA_USAGE = YES_ERROR;
				CLANG_WARN_DOCUMENTATION_COMMENTS = YES;
				CLANG_WARN_EMPTY_BODY = YES;
				CLANG_WARN_ENUM_CONVERSION = YES;
				CLANG_WARN_INFINITE_RECURSION = YES;
				CLANG_WARN_INT_CONVERSION = YES;
				CLANG_WARN_OBJC_ROOT_CLASS = YES_ERROR;
				CLANG_WARN_SUSPICIOUS_MOVE = YES;
				CLANG_WARN_UNREACHABLE_CODE = YES;
				CLANG_WARN__DUPLICATE_METHOD_MATCH = YES;
				CODE_SIGN_IDENTITY = "-";
				COPY_PHASE_STRIP = NO;
				DEBUG_INFORMATION_FORMAT = dwarf;
				ENABLE_STRICT_OBJC_MSGSEND = YES;
				ENABLE_TESTABILITY = YES;
				GCC_C_LANGUAGE_STANDARD = gnu99;
				GCC_DYNAMIC_NO_PIC = NO;
				GCC_NO_COMMON_BLOCKS = YES;
				GCC_OPTIMIZATION_LEVEL = 0;
				GCC_PREPROCESSOR_DEFINITIONS = (
					"DEBUG=1",
					"$(inherited)",
				);
				GCC_WARN_64_TO_32_BIT_CONVERSION = YES;
				GCC_WARN_ABOUT_RETURN_TYPE = YES_ERROR;
				GCC_WARN_UNDECLARED_SELECTOR = YES;
				GCC_WARN_UNINITIALIZED_AUTOS = YES_AGGRESSIVE;
				GCC_WARN_UNUSED_FUNCTION = YES;
				GCC_WARN_UNUSED_VARIABLE = YES;
				MACOSX_DEPLOYMENT_TARGET = 10.11;
				MTL_ENABLE_DEBUG_INFO = YES;
				ONLY_ACTIVE_ARCH = YES;
				SDKROOT = macosx;
			};
			name = Debug;
		};
		F9B3D1DD1E8599400043AA8F /* Release */ = {
			isa = XCBuildConfiguration;
			buildSettings = {
				ALWAYS_SEARCH_USER_PATHS = NO;
				CLANG_ANALYZER_NONNULL = YES;
				CLANG_CXX_LANGUAGE_STANDARD = "gnu++0x";
				CLANG_CXX_LIBRARY = "libc++";
				CLANG_ENABLE_MODULES = YES;
				CLANG_ENABLE_OBJC_ARC = YES;
				CLANG_WARN_BOOL_CONVERSION = YES;
				CLANG_WARN_CONSTANT_CONVERSION = YES;
				CLANG_WARN_DIRECT_OBJC_ISA_USAGE = YES_ERROR;
				CLANG_WARN_DOCUMENTATION_COMMENTS = YES;
				CLANG_WARN_EMPTY_BODY = YES;
				CLANG_WARN_ENUM_CONVERSION = YES;
				CLANG_WARN_INFINITE_RECURSION = YES;
				CLANG_WARN_INT_CONVERSION = YES;
				CLANG_WARN_OBJC_ROOT_CLASS = YES_ERROR;
				CLANG_WARN_SUSPICIOUS_MOVE = YES;
				CLANG_WARN_UNREACHABLE_CODE = YES;
				CLANG_WARN__DUPLICATE_METHOD_MATCH = YES;
				CODE_SIGN_IDENTITY = "-";
				COPY_PHASE_STRIP = NO;
				DEBUG_INFORMATION_FORMAT = "dwarf-with-dsym";
				ENABLE_NS_ASSERTIONS = NO;
				ENABLE_STRICT_OBJC_MSGSEND = YES;
				GCC_C_LANGUAGE_STANDARD = gnu99;
				GCC_NO_COMMON_BLOCKS = YES;
				GCC_WARN_64_TO_32_BIT_CONVERSION = YES;
				GCC_WARN_ABOUT_RETURN_TYPE = YES_ERROR;
				GCC_WARN_UNDECLARED_SELECTOR = YES;
				GCC_WARN_UNINITIALIZED_AUTOS = YES_AGGRESSIVE;
				GCC_WARN_UNUSED_FUNCTION = YES;
				GCC_WARN_UNUSED_VARIABLE = YES;
				MACOSX_DEPLOYMENT_TARGET = 10.11;
				MTL_ENABLE_DEBUG_INFO = NO;
				SDKROOT = macosx;
			};
			name = Release;
		};
		F9B3D1DF1E8599400043AA8F /* Debug */ = {
			isa = XCBuildConfiguration;
			buildSettings = {
				DEVELOPMENT_TEAM = 842T4PY6T5;
				PRODUCT_NAME = "$(TARGET_NAME)";
			};
			name = Debug;
		};
		F9B3D1E01E8599400043AA8F /* Release */ = {
			isa = XCBuildConfiguration;
			buildSettings = {
				DEVELOPMENT_TEAM = 842T4PY6T5;
				PRODUCT_NAME = "$(TARGET_NAME)";
			};
			name = Release;
		};
/* End XCBuildConfiguration section */

/* Begin XCConfigurationList section */
		F9B3D1D21E8599400043AA8F /* Build configuration list for PBXProject "netrecv" */ = {
			isa = XCConfigurationList;
			buildConfigurations = (
				F9B3D1DC1E8599400043AA8F /* Debug */,
				F9B3D1DD1E8599400043AA8F /* Release */,
			);
			defaultConfigurationIsVisible = 0;
			defaultConfigurationName = Release;
		};
		F9B3D1DE1E8599400043AA8F /* Build configuration list for PBXNativeTarget "netrecv" */ = {
			isa = XCConfigurationList;
			buildConfigurations = (
				F9B3D1DF1E8599400043AA8F /* Debug */,
				F9B3D1E01E8599400043AA8F /* Release */,
			);
			defaultConfigurationIsVisible = 0;
		};
/* End XCConfigurationList section */
	};
	rootObject = F9B3D1CF1E8599400043AA8F /* Project object */;
}
