// !$*UTF8*$!
{
	archiveVersion = 1;
	classes = {
	};
	objectVersion = 46;
	objects = {

/* Begin PBXBuildFile section */
		6590A8011CBB3CB00026CD1B /* sid.cpp in Sources */ = {isa = PBXBuildFile; fileRef = 6590A7FF1CBB3CB00026CD1B /* sid.cpp */; };
		6590A8071CBB3D0F0026CD1B /* SidController.cpp in Sources */ = {isa = PBXBuildFile; fileRef = 6590A8051CBB3D0F0026CD1B /* SidController.cpp */; };
		6590A80A1CBB3E400026CD1B /* CommPort.cpp in Sources */ = {isa = PBXBuildFile; fileRef = 6590A8081CBB3E400026CD1B /* CommPort.cpp */; };
		6590A8191CC0A7EF0026CD1B /* timer.cpp in Sources */ = {isa = PBXBuildFile; fileRef = 6590A8171CC0A7EF0026CD1B /* timer.cpp */; };
		659D73781CA8E36E005F88C1 /* SerialPort.cpp in Sources */ = {isa = PBXBuildFile; fileRef = 659D73761CA8E36E005F88C1 /* SerialPort.cpp */; };
		65D23B571CA8A6E60015C31A /* main.cpp in Sources */ = {isa = PBXBuildFile; fileRef = 65D23B561CA8A6E60015C31A /* main.cpp */; };
/* End PBXBuildFile section */

/* Begin PBXCopyFilesBuildPhase section */
		65D23B511CA8A6E60015C31A /* CopyFiles */ = {
			isa = PBXCopyFilesBuildPhase;
			buildActionMask = 2147483647;
			dstPath = /usr/share/man/man1/;
			dstSubfolderSpec = 0;
			files = (
			);
			runOnlyForDeploymentPostprocessing = 1;
		};
/* End PBXCopyFilesBuildPhase section */

/* Begin PBXFileReference section */
		6590A7F81CBA216C0026CD1B /* Net.h */ = {isa = PBXFileReference; fileEncoding = 4; lastKnownFileType = sourcecode.c.h; name = Net.h; path = ../external/Net/Net.h; sourceTree = "<group>"; };
		6590A7FF1CBB3CB00026CD1B /* sid.cpp */ = {isa = PBXFileReference; fileEncoding = 4; lastKnownFileType = sourcecode.cpp.cpp; name = sid.cpp; path = ../../shared/sid.cpp; sourceTree = "<group>"; };
		6590A8001CBB3CB00026CD1B /* sid.h */ = {isa = PBXFileReference; fileEncoding = 4; lastKnownFileType = sourcecode.c.h; name = sid.h; path = ../../shared/sid.h; sourceTree = "<group>"; };
		6590A8051CBB3D0F0026CD1B /* SidController.cpp */ = {isa = PBXFileReference; fileEncoding = 4; lastKnownFileType = sourcecode.cpp.cpp; name = SidController.cpp; path = ../../shared/SidController.cpp; sourceTree = "<group>"; };
		6590A8061CBB3D0F0026CD1B /* SidController.h */ = {isa = PBXFileReference; fileEncoding = 4; lastKnownFileType = sourcecode.c.h; name = SidController.h; path = ../../shared/SidController.h; sourceTree = "<group>"; };
		6590A8081CBB3E400026CD1B /* CommPort.cpp */ = {isa = PBXFileReference; fileEncoding = 4; lastKnownFileType = sourcecode.cpp.cpp; name = CommPort.cpp; path = ../../shared/CommPort.cpp; sourceTree = "<group>"; };
		6590A8091CBB3E400026CD1B /* CommPort.h */ = {isa = PBXFileReference; fileEncoding = 4; lastKnownFileType = sourcecode.c.h; name = CommPort.h; path = ../../shared/CommPort.h; sourceTree = "<group>"; };
		6590A8171CC0A7EF0026CD1B /* timer.cpp */ = {isa = PBXFileReference; fileEncoding = 4; lastKnownFileType = sourcecode.cpp.cpp; name = timer.cpp; path = ../../shared/timer.cpp; sourceTree = "<group>"; };
		6590A8181CC0A7EF0026CD1B /* timer.hpp */ = {isa = PBXFileReference; fileEncoding = 4; lastKnownFileType = sourcecode.cpp.h; name = timer.hpp; path = ../../shared/timer.hpp; sourceTree = "<group>"; };
		659D73761CA8E36E005F88C1 /* SerialPort.cpp */ = {isa = PBXFileReference; fileEncoding = 4; lastKnownFileType = sourcecode.cpp.cpp; path = SerialPort.cpp; sourceTree = "<group>"; };
		659D73771CA8E36E005F88C1 /* SerialPort.hpp */ = {isa = PBXFileReference; fileEncoding = 4; lastKnownFileType = sourcecode.cpp.h; path = SerialPort.hpp; sourceTree = "<group>"; };
		65D23B531CA8A6E60015C31A /* serialtest */ = {isa = PBXFileReference; explicitFileType = "compiled.mach-o.executable"; includeInIndex = 0; path = serialtest; sourceTree = BUILT_PRODUCTS_DIR; };
		65D23B561CA8A6E60015C31A /* main.cpp */ = {isa = PBXFileReference; lastKnownFileType = sourcecode.cpp.cpp; path = main.cpp; sourceTree = "<group>"; };
/* End PBXFileReference section */

/* Begin PBXFrameworksBuildPhase section */
		65D23B501CA8A6E60015C31A /* Frameworks */ = {
			isa = PBXFrameworksBuildPhase;
			buildActionMask = 2147483647;
			files = (
			);
			runOnlyForDeploymentPostprocessing = 0;
		};
/* End PBXFrameworksBuildPhase section */

/* Begin PBXGroup section */
		6590A7F71CBA21650026CD1B /* Net */ = {
			isa = PBXGroup;
			children = (
				6590A7F81CBA216C0026CD1B /* Net.h */,
			);
			name = Net;
			sourceTree = "<group>";
		};
		65D23B4A1CA8A6E60015C31A = {
			isa = PBXGroup;
			children = (
				6590A7F71CBA21650026CD1B /* Net */,
				65D23B551CA8A6E60015C31A /* serialtest */,
				65D23B541CA8A6E60015C31A /* Products */,
			);
			sourceTree = "<group>";
		};
		65D23B541CA8A6E60015C31A /* Products */ = {
			isa = PBXGroup;
			children = (
				65D23B531CA8A6E60015C31A /* serialtest */,
			);
			name = Products;
			sourceTree = "<group>";
		};
		65D23B551CA8A6E60015C31A /* serialtest */ = {
			isa = PBXGroup;
			children = (
				6590A8171CC0A7EF0026CD1B /* timer.cpp */,
				6590A8181CC0A7EF0026CD1B /* timer.hpp */,
				6590A7FF1CBB3CB00026CD1B /* sid.cpp */,
				6590A8001CBB3CB00026CD1B /* sid.h */,
				65D23B561CA8A6E60015C31A /* main.cpp */,
				659D73761CA8E36E005F88C1 /* SerialPort.cpp */,
				659D73771CA8E36E005F88C1 /* SerialPort.hpp */,
				6590A8051CBB3D0F0026CD1B /* SidController.cpp */,
				6590A8061CBB3D0F0026CD1B /* SidController.h */,
				6590A8081CBB3E400026CD1B /* CommPort.cpp */,
				6590A8091CBB3E400026CD1B /* CommPort.h */,
			);
			path = serialtest;
			sourceTree = "<group>";
		};
/* End PBXGroup section */

/* Begin PBXNativeTarget section */
		65D23B521CA8A6E60015C31A /* serialtest */ = {
			isa = PBXNativeTarget;
			buildConfigurationList = 65D23B5A1CA8A6E60015C31A /* Build configuration list for PBXNativeTarget "serialtest" */;
			buildPhases = (
				65D23B4F1CA8A6E60015C31A /* Sources */,
				65D23B501CA8A6E60015C31A /* Frameworks */,
				65D23B511CA8A6E60015C31A /* CopyFiles */,
			);
			buildRules = (
			);
			dependencies = (
			);
			name = serialtest;
			productName = serialtest;
			productReference = 65D23B531CA8A6E60015C31A /* serialtest */;
			productType = "com.apple.product-type.tool";
		};
/* End PBXNativeTarget section */

/* Begin PBXProject section */
		65D23B4B1CA8A6E60015C31A /* Project object */ = {
			isa = PBXProject;
			attributes = {
				LastUpgradeCheck = 0640;
				ORGANIZATIONNAME = "Michael Hill";
				TargetAttributes = {
					65D23B521CA8A6E60015C31A = {
						CreatedOnToolsVersion = 6.4;
					};
				};
			};
			buildConfigurationList = 65D23B4E1CA8A6E60015C31A /* Build configuration list for PBXProject "serialtest" */;
			compatibilityVersion = "Xcode 3.2";
			developmentRegion = English;
			hasScannedForEncodings = 0;
			knownRegions = (
				en,
			);
			mainGroup = 65D23B4A1CA8A6E60015C31A;
			productRefGroup = 65D23B541CA8A6E60015C31A /* Products */;
			projectDirPath = "";
			projectRoot = "";
			targets = (
				65D23B521CA8A6E60015C31A /* serialtest */,
			);
		};
/* End PBXProject section */

/* Begin PBXSourcesBuildPhase section */
		65D23B4F1CA8A6E60015C31A /* Sources */ = {
			isa = PBXSourcesBuildPhase;
			buildActionMask = 2147483647;
			files = (
				6590A8011CBB3CB00026CD1B /* sid.cpp in Sources */,
				659D73781CA8E36E005F88C1 /* SerialPort.cpp in Sources */,
				6590A8071CBB3D0F0026CD1B /* SidController.cpp in Sources */,
				65D23B571CA8A6E60015C31A /* main.cpp in Sources */,
				6590A80A1CBB3E400026CD1B /* CommPort.cpp in Sources */,
				6590A8191CC0A7EF0026CD1B /* timer.cpp in Sources */,
			);
			runOnlyForDeploymentPostprocessing = 0;
		};
/* End PBXSourcesBuildPhase section */

/* Begin XCBuildConfiguration section */
		65D23B581CA8A6E60015C31A /* Debug */ = {
			isa = XCBuildConfiguration;
			buildSettings = {
				ALWAYS_SEARCH_USER_PATHS = NO;
				CLANG_CXX_LANGUAGE_STANDARD = "gnu++0x";
				CLANG_CXX_LIBRARY = "libc++";
				CLANG_ENABLE_MODULES = YES;
				CLANG_ENABLE_OBJC_ARC = YES;
				CLANG_WARN_BOOL_CONVERSION = YES;
				CLANG_WARN_CONSTANT_CONVERSION = YES;
				CLANG_WARN_DIRECT_OBJC_ISA_USAGE = YES_ERROR;
				CLANG_WARN_EMPTY_BODY = YES;
				CLANG_WARN_ENUM_CONVERSION = YES;
				CLANG_WARN_INT_CONVERSION = YES;
				CLANG_WARN_OBJC_ROOT_CLASS = YES_ERROR;
				CLANG_WARN_UNREACHABLE_CODE = YES;
				CLANG_WARN__DUPLICATE_METHOD_MATCH = YES;
				COPY_PHASE_STRIP = NO;
				DEBUG_INFORMATION_FORMAT = dwarf;
				ENABLE_STRICT_OBJC_MSGSEND = YES;
				GCC_C_LANGUAGE_STANDARD = gnu99;
				GCC_DYNAMIC_NO_PIC = NO;
				GCC_NO_COMMON_BLOCKS = YES;
				GCC_OPTIMIZATION_LEVEL = 0;
				GCC_PREPROCESSOR_DEFINITIONS = (
					"DEBUG=1",
					"$(inherited)",
				);
				GCC_SYMBOLS_PRIVATE_EXTERN = NO;
				GCC_WARN_64_TO_32_BIT_CONVERSION = YES;
				GCC_WARN_ABOUT_RETURN_TYPE = YES_ERROR;
				GCC_WARN_UNDECLARED_SELECTOR = YES;
				GCC_WARN_UNINITIALIZED_AUTOS = YES_AGGRESSIVE;
				GCC_WARN_UNUSED_FUNCTION = YES;
				GCC_WARN_UNUSED_VARIABLE = YES;
				MACOSX_DEPLOYMENT_TARGET = 10.10;
				MTL_ENABLE_DEBUG_INFO = YES;
				ONLY_ACTIVE_ARCH = YES;
				SDKROOT = macosx;
			};
			name = Debug;
		};
		65D23B591CA8A6E60015C31A /* Release */ = {
			isa = XCBuildConfiguration;
			buildSettings = {
				ALWAYS_SEARCH_USER_PATHS = NO;
				CLANG_CXX_LANGUAGE_STANDARD = "gnu++0x";
				CLANG_CXX_LIBRARY = "libc++";
				CLANG_ENABLE_MODULES = YES;
				CLANG_ENABLE_OBJC_ARC = YES;
				CLANG_WARN_BOOL_CONVERSION = YES;
				CLANG_WARN_CONSTANT_CONVERSION = YES;
				CLANG_WARN_DIRECT_OBJC_ISA_USAGE = YES_ERROR;
				CLANG_WARN_EMPTY_BODY = YES;
				CLANG_WARN_ENUM_CONVERSION = YES;
				CLANG_WARN_INT_CONVERSION = YES;
				CLANG_WARN_OBJC_ROOT_CLASS = YES_ERROR;
				CLANG_WARN_UNREACHABLE_CODE = YES;
				CLANG_WARN__DUPLICATE_METHOD_MATCH = YES;
				COPY_PHASE_STRIP = NO;
				DEBUG_INFORMATION_FORMAT = "dwarf-with-dsym";
				ENABLE_NS_ASSERTIONS = NO;
				ENABLE_STRICT_OBJC_MSGSEND = YES;
				GCC_C_LANGUAGE_STANDARD = gnu99;
				GCC_NO_COMMON_BLOCKS = YES;
				GCC_WARN_64_TO_32_BIT_CONVERSION = YES;
				GCC_WARN_ABOUT_RETURN_TYPE = YES_ERROR;
				GCC_WARN_UNDECLARED_SELECTOR = YES;
				GCC_WARN_UNINITIALIZED_AUTOS = YES_AGGRESSIVE;
				GCC_WARN_UNUSED_FUNCTION = YES;
				GCC_WARN_UNUSED_VARIABLE = YES;
				MACOSX_DEPLOYMENT_TARGET = 10.10;
				MTL_ENABLE_DEBUG_INFO = NO;
				SDKROOT = macosx;
			};
			name = Release;
		};
		65D23B5B1CA8A6E60015C31A /* Debug */ = {
			isa = XCBuildConfiguration;
			buildSettings = {
				HEADER_SEARCH_PATHS = "";
				PRODUCT_NAME = "$(TARGET_NAME)";
			};
			name = Debug;
		};
		65D23B5C1CA8A6E60015C31A /* Release */ = {
			isa = XCBuildConfiguration;
			buildSettings = {
				HEADER_SEARCH_PATHS = "";
				PRODUCT_NAME = "$(TARGET_NAME)";
			};
			name = Release;
		};
/* End XCBuildConfiguration section */

/* Begin XCConfigurationList section */
		65D23B4E1CA8A6E60015C31A /* Build configuration list for PBXProject "serialtest" */ = {
			isa = XCConfigurationList;
			buildConfigurations = (
				65D23B581CA8A6E60015C31A /* Debug */,
				65D23B591CA8A6E60015C31A /* Release */,
			);
			defaultConfigurationIsVisible = 0;
			defaultConfigurationName = Release;
		};
		65D23B5A1CA8A6E60015C31A /* Build configuration list for PBXNativeTarget "serialtest" */ = {
			isa = XCConfigurationList;
			buildConfigurations = (
				65D23B5B1CA8A6E60015C31A /* Debug */,
				65D23B5C1CA8A6E60015C31A /* Release */,
			);
			defaultConfigurationIsVisible = 0;
			defaultConfigurationName = Release;
		};
/* End XCConfigurationList section */
	};
	rootObject = 65D23B4B1CA8A6E60015C31A /* Project object */;
}
