// !$*UTF8*$!
{
	archiveVersion = 1;
	classes = {
	};
	objectVersion = 46;
	objects = {

/* Begin PBXBuildFile section */
		6590A7EB1CBA1B0E0026CD1B /* main.cpp in Sources */ = {isa = PBXBuildFile; fileRef = 6590A7EA1CBA1B0E0026CD1B /* main.cpp */; };
/* End PBXBuildFile section */

/* Begin PBXCopyFilesBuildPhase section */
		6590A7E51CBA1B0E0026CD1B /* CopyFiles */ = {
			isa = PBXCopyFilesBuildPhase;
			buildActionMask = 2147483647;
			dstPath = /usr/share/man/man1/;
			dstSubfolderSpec = 0;
			files = (
			);
			runOnlyForDeploymentPostprocessing = 1;
		};
/* End PBXCopyFilesBuildPhase section */

/* Begin PBXFileReference section */
		6590A7E71CBA1B0E0026CD1B /* netreceive */ = {isa = PBXFileReference; explicitFileType = "compiled.mach-o.executable"; includeInIndex = 0; path = netreceive; sourceTree = BUILT_PRODUCTS_DIR; };
		6590A7EA1CBA1B0E0026CD1B /* main.cpp */ = {isa = PBXFileReference; lastKnownFileType = sourcecode.cpp.cpp; path = main.cpp; sourceTree = "<group>"; };
/* End PBXFileReference section */

/* Begin PBXFrameworksBuildPhase section */
		6590A7E41CBA1B0E0026CD1B /* Frameworks */ = {
			isa = PBXFrameworksBuildPhase;
			buildActionMask = 2147483647;
			files = (
			);
			runOnlyForDeploymentPostprocessing = 0;
		};
/* End PBXFrameworksBuildPhase section */

/* Begin PBXGroup section */
		6590A7DE1CBA1B0E0026CD1B = {
			isa = PBXGroup;
			children = (
				6590A7E91CBA1B0E0026CD1B /* netreceive */,
				6590A7E81CBA1B0E0026CD1B /* Products */,
			);
			sourceTree = "<group>";
		};
		6590A7E81CBA1B0E0026CD1B /* Products */ = {
			isa = PBXGroup;
			children = (
				6590A7E71CBA1B0E0026CD1B /* netreceive */,
			);
			name = Products;
			sourceTree = "<group>";
		};
		6590A7E91CBA1B0E0026CD1B /* netreceive */ = {
			isa = PBXGroup;
			children = (
				6590A7EA1CBA1B0E0026CD1B /* main.cpp */,
			);
			path = netreceive;
			sourceTree = "<group>";
		};
/* End PBXGroup section */

/* Begin PBXNativeTarget section */
		6590A7E61CBA1B0E0026CD1B /* netreceive */ = {
			isa = PBXNativeTarget;
			buildConfigurationList = 6590A7EE1CBA1B0E0026CD1B /* Build configuration list for PBXNativeTarget "netreceive" */;
			buildPhases = (
				6590A7E31CBA1B0E0026CD1B /* Sources */,
				6590A7E41CBA1B0E0026CD1B /* Frameworks */,
				6590A7E51CBA1B0E0026CD1B /* CopyFiles */,
			);
			buildRules = (
			);
			dependencies = (
			);
			name = netreceive;
			productName = netreceive;
			productReference = 6590A7E71CBA1B0E0026CD1B /* netreceive */;
			productType = "com.apple.product-type.tool";
		};
/* End PBXNativeTarget section */

/* Begin PBXProject section */
		6590A7DF1CBA1B0E0026CD1B /* Project object */ = {
			isa = PBXProject;
			attributes = {
				LastUpgradeCheck = 0640;
				ORGANIZATIONNAME = "Michael Hill";
				TargetAttributes = {
					6590A7E61CBA1B0E0026CD1B = {
						CreatedOnToolsVersion = 6.4;
					};
				};
			};
			buildConfigurationList = 6590A7E21CBA1B0E0026CD1B /* Build configuration list for PBXProject "netreceive" */;
			compatibilityVersion = "Xcode 3.2";
			developmentRegion = English;
			hasScannedForEncodings = 0;
			knownRegions = (
				en,
			);
			mainGroup = 6590A7DE1CBA1B0E0026CD1B;
			productRefGroup = 6590A7E81CBA1B0E0026CD1B /* Products */;
			projectDirPath = "";
			projectRoot = "";
			targets = (
				6590A7E61CBA1B0E0026CD1B /* netreceive */,
			);
		};
/* End PBXProject section */

/* Begin PBXSourcesBuildPhase section */
		6590A7E31CBA1B0E0026CD1B /* Sources */ = {
			isa = PBXSourcesBuildPhase;
			buildActionMask = 2147483647;
			files = (
				6590A7EB1CBA1B0E0026CD1B /* main.cpp in Sources */,
			);
			runOnlyForDeploymentPostprocessing = 0;
		};
/* End PBXSourcesBuildPhase section */

/* Begin XCBuildConfiguration section */
		6590A7EC1CBA1B0E0026CD1B /* Debug */ = {
			isa = XCBuildConfiguration;
			buildSettings = {
				ALWAYS_SEARCH_USER_PATHS = NO;
				CLANG_CXX_LANGUAGE_STANDARD = "gnu++0x";
				CLANG_CXX_LIBRARY = "libc++";
				CLANG_ENABLE_MODULES = YES;
				CLANG_ENABLE_OBJC_ARC = YES;
				CLANG_WARN_BOOL_CONVERSION = YES;
				CLANG_WARN_CONSTANT_CONVERSION = YES;
				CLANG_WARN_DIRECT_OBJC_ISA_USAGE = YES_ERROR;
				CLANG_WARN_EMPTY_BODY = YES;
				CLANG_WARN_ENUM_CONVERSION = YES;
				CLANG_WARN_INT_CONVERSION = YES;
				CLANG_WARN_OBJC_ROOT_CLASS = YES_ERROR;
				CLANG_WARN_UNREACHABLE_CODE = YES;
				CLANG_WARN__DUPLICATE_METHOD_MATCH = YES;
				COPY_PHASE_STRIP = NO;
				DEBUG_INFORMATION_FORMAT = dwarf;
				ENABLE_STRICT_OBJC_MSGSEND = YES;
				GCC_C_LANGUAGE_STANDARD = gnu99;
				GCC_DYNAMIC_NO_PIC = NO;
				GCC_NO_COMMON_BLOCKS = YES;
				GCC_OPTIMIZATION_LEVEL = 0;
				GCC_PREPROCESSOR_DEFINITIONS = (
					"DEBUG=1",
					"$(inherited)",
				);
				GCC_SYMBOLS_PRIVATE_EXTERN = NO;
				GCC_WARN_64_TO_32_BIT_CONVERSION = YES;
				GCC_WARN_ABOUT_RETURN_TYPE = YES_ERROR;
				GCC_WARN_UNDECLARED_SELECTOR = YES;
				GCC_WARN_UNINITIALIZED_AUTOS = YES_AGGRESSIVE;
				GCC_WARN_UNUSED_FUNCTION = YES;
				GCC_WARN_UNUSED_VARIABLE = YES;
				MACOSX_DEPLOYMENT_TARGET = 10.10;
				MTL_ENABLE_DEBUG_INFO = YES;
				ONLY_ACTIVE_ARCH = YES;
				SDKROOT = macosx;
			};
			name = Debug;
		};
		6590A7ED1CBA1B0E0026CD1B /* Release */ = {
			isa = XCBuildConfiguration;
			buildSettings = {
				ALWAYS_SEARCH_USER_PATHS = NO;
				CLANG_CXX_LANGUAGE_STANDARD = "gnu++0x";
				CLANG_CXX_LIBRARY = "libc++";
				CLANG_ENABLE_MODULES = YES;
				CLANG_ENABLE_OBJC_ARC = YES;
				CLANG_WARN_BOOL_CONVERSION = YES;
				CLANG_WARN_CONSTANT_CONVERSION = YES;
				CLANG_WARN_DIRECT_OBJC_ISA_USAGE = YES_ERROR;
				CLANG_WARN_EMPTY_BODY = YES;
				CLANG_WARN_ENUM_CONVERSION = YES;
				CLANG_WARN_INT_CONVERSION = YES;
				CLANG_WARN_OBJC_ROOT_CLASS = YES_ERROR;
				CLANG_WARN_UNREACHABLE_CODE = YES;
				CLANG_WARN__DUPLICATE_METHOD_MATCH = YES;
				COPY_PHASE_STRIP = NO;
				DEBUG_INFORMATION_FORMAT = "dwarf-with-dsym";
				ENABLE_NS_ASSERTIONS = NO;
				ENABLE_STRICT_OBJC_MSGSEND = YES;
				GCC_C_LANGUAGE_STANDARD = gnu99;
				GCC_NO_COMMON_BLOCKS = YES;
				GCC_WARN_64_TO_32_BIT_CONVERSION = YES;
				GCC_WARN_ABOUT_RETURN_TYPE = YES_ERROR;
				GCC_WARN_UNDECLARED_SELECTOR = YES;
				GCC_WARN_UNINITIALIZED_AUTOS = YES_AGGRESSIVE;
				GCC_WARN_UNUSED_FUNCTION = YES;
				GCC_WARN_UNUSED_VARIABLE = YES;
				MACOSX_DEPLOYMENT_TARGET = 10.10;
				MTL_ENABLE_DEBUG_INFO = NO;
				SDKROOT = macosx;
			};
			name = Release;
		};
		6590A7EF1CBA1B0E0026CD1B /* Debug */ = {
			isa = XCBuildConfiguration;
			buildSettings = {
				PRODUCT_NAME = "$(TARGET_NAME)";
			};
			name = Debug;
		};
		6590A7F01CBA1B0E0026CD1B /* Release */ = {
			isa = XCBuildConfiguration;
			buildSettings = {
				PRODUCT_NAME = "$(TARGET_NAME)";
			};
			name = Release;
		};
/* End XCBuildConfiguration section */

/* Begin XCConfigurationList section */
		6590A7E21CBA1B0E0026CD1B /* Build configuration list for PBXProject "netreceive" */ = {
			isa = XCConfigurationList;
			buildConfigurations = (
				6590A7EC1CBA1B0E0026CD1B /* Debug */,
				6590A7ED1CBA1B0E0026CD1B /* Release */,
			);
			defaultConfigurationIsVisible = 0;
			defaultConfigurationName = Release;
		};
		6590A7EE1CBA1B0E0026CD1B /* Build configuration list for PBXNativeTarget "netreceive" */ = {
			isa = XCConfigurationList;
			buildConfigurations = (
				6590A7EF1CBA1B0E0026CD1B /* Debug */,
				6590A7F01CBA1B0E0026CD1B /* Release */,
			);
			defaultConfigurationIsVisible = 0;
		};
/* End XCConfigurationList section */
	};
	rootObject = 6590A7DF1CBA1B0E0026CD1B /* Project object */;
}
