// !$*UTF8*$!
{
	archiveVersion = 1;
	classes = {
	};
	objectVersion = 46;
	objects = {

/* Begin PBXBuildFile section */
		6507B9FA1CC1DDA0003ABFD9 /* main.cpp in Sources */ = {isa = PBXBuildFile; fileRef = 6507B9F91CC1DDA0003ABFD9 /* main.cpp */; };
/* End PBXBuildFile section */

/* Begin PBXCopyFilesBuildPhase section */
		6507B9F41CC1DDA0003ABFD9 /* CopyFiles */ = {
			isa = PBXCopyFilesBuildPhase;
			buildActionMask = 2147483647;
			dstPath = /usr/share/man/man1/;
			dstSubfolderSpec = 0;
			files = (
			);
			runOnlyForDeploymentPostprocessing = 1;
		};
/* End PBXCopyFilesBuildPhase section */

/* Begin PBXFileReference section */
		6507B9F61CC1DDA0003ABFD9 /* binaryDataConvert */ = {isa = PBXFileReference; explicitFileType = "compiled.mach-o.executable"; includeInIndex = 0; path = binaryDataConvert; sourceTree = BUILT_PRODUCTS_DIR; };
		6507B9F91CC1DDA0003ABFD9 /* main.cpp */ = {isa = PBXFileReference; lastKnownFileType = sourcecode.cpp.cpp; path = main.cpp; sourceTree = "<group>"; };
/* End PBXFileReference section */

/* Begin PBXFrameworksBuildPhase section */
		6507B9F31CC1DDA0003ABFD9 /* Frameworks */ = {
			isa = PBXFrameworksBuildPhase;
			buildActionMask = 2147483647;
			files = (
			);
			runOnlyForDeploymentPostprocessing = 0;
		};
/* End PBXFrameworksBuildPhase section */

/* Begin PBXGroup section */
		6507B9ED1CC1DDA0003ABFD9 = {
			isa = PBXGroup;
			children = (
				6507B9F81CC1DDA0003ABFD9 /* binaryDataConvert */,
				6507B9F71CC1DDA0003ABFD9 /* Products */,
			);
			sourceTree = "<group>";
		};
		6507B9F71CC1DDA0003ABFD9 /* Products */ = {
			isa = PBXGroup;
			children = (
				6507B9F61CC1DDA0003ABFD9 /* binaryDataConvert */,
			);
			name = Products;
			sourceTree = "<group>";
		};
		6507B9F81CC1DDA0003ABFD9 /* binaryDataConvert */ = {
			isa = PBXGroup;
			children = (
				6507B9F91CC1DDA0003ABFD9 /* main.cpp */,
			);
			path = binaryDataConvert;
			sourceTree = "<group>";
		};
/* End PBXGroup section */

/* Begin PBXNativeTarget section */
		6507B9F51CC1DDA0003ABFD9 /* binaryDataConvert */ = {
			isa = PBXNativeTarget;
			buildConfigurationList = 6507B9FD1CC1DDA0003ABFD9 /* Build configuration list for PBXNativeTarget "binaryDataConvert" */;
			buildPhases = (
				6507B9F21CC1DDA0003ABFD9 /* Sources */,
				6507B9F31CC1DDA0003ABFD9 /* Frameworks */,
				6507B9F41CC1DDA0003ABFD9 /* CopyFiles */,
			);
			buildRules = (
			);
			dependencies = (
			);
			name = binaryDataConvert;
			productName = binaryDataConvert;
			productReference = 6507B9F61CC1DDA0003ABFD9 /* binaryDataConvert */;
			productType = "com.apple.product-type.tool";
		};
/* End PBXNativeTarget section */

/* Begin PBXProject section */
		6507B9EE1CC1DDA0003ABFD9 /* Project object */ = {
			isa = PBXProject;
			attributes = {
				LastUpgradeCheck = 0640;
				ORGANIZATIONNAME = "Michael Hill";
				TargetAttributes = {
					6507B9F51CC1DDA0003ABFD9 = {
						CreatedOnToolsVersion = 6.4;
					};
				};
			};
			buildConfigurationList = 6507B9F11CC1DDA0003ABFD9 /* Build configuration list for PBXProject "binaryDataConvert" */;
			compatibilityVersion = "Xcode 3.2";
			developmentRegion = English;
			hasScannedForEncodings = 0;
			knownRegions = (
				en,
			);
			mainGroup = 6507B9ED1CC1DDA0003ABFD9;
			productRefGroup = 6507B9F71CC1DDA0003ABFD9 /* Products */;
			projectDirPath = "";
			projectRoot = "";
			targets = (
				6507B9F51CC1DDA0003ABFD9 /* binaryDataConvert */,
			);
		};
/* End PBXProject section */

/* Begin PBXSourcesBuildPhase section */
		6507B9F21CC1DDA0003ABFD9 /* Sources */ = {
			isa = PBXSourcesBuildPhase;
			buildActionMask = 2147483647;
			files = (
				6507B9FA1CC1DDA0003ABFD9 /* main.cpp in Sources */,
			);
			runOnlyForDeploymentPostprocessing = 0;
		};
/* End PBXSourcesBuildPhase section */

/* Begin XCBuildConfiguration section */
		6507B9FB1CC1DDA0003ABFD9 /* Debug */ = {
			isa = XCBuildConfiguration;
			buildSettings = {
				ALWAYS_SEARCH_USER_PATHS = NO;
				CLANG_CXX_LANGUAGE_STANDARD = "gnu++0x";
				CLANG_CXX_LIBRARY = "libc++";
				CLANG_ENABLE_MODULES = YES;
				CLANG_ENABLE_OBJC_ARC = YES;
				CLANG_WARN_BOOL_CONVERSION = YES;
				CLANG_WARN_CONSTANT_CONVERSION = YES;
				CLANG_WARN_DIRECT_OBJC_ISA_USAGE = YES_ERROR;
				CLANG_WARN_EMPTY_BODY = YES;
				CLANG_WARN_ENUM_CONVERSION = YES;
				CLANG_WARN_INT_CONVERSION = YES;
				CLANG_WARN_OBJC_ROOT_CLASS = YES_ERROR;
				CLANG_WARN_UNREACHABLE_CODE = YES;
				CLANG_WARN__DUPLICATE_METHOD_MATCH = YES;
				COPY_PHASE_STRIP = NO;
				DEBUG_INFORMATION_FORMAT = dwarf;
				ENABLE_STRICT_OBJC_MSGSEND = YES;
				GCC_C_LANGUAGE_STANDARD = gnu99;
				GCC_DYNAMIC_NO_PIC = NO;
				GCC_NO_COMMON_BLOCKS = YES;
				GCC_OPTIMIZATION_LEVEL = 0;
				GCC_PREPROCESSOR_DEFINITIONS = (
					"DEBUG=1",
					"$(inherited)",
				);
				GCC_SYMBOLS_PRIVATE_EXTERN = NO;
				GCC_WARN_64_TO_32_BIT_CONVERSION = YES;
				GCC_WARN_ABOUT_RETURN_TYPE = YES_ERROR;
				GCC_WARN_UNDECLARED_SELECTOR = YES;
				GCC_WARN_UNINITIALIZED_AUTOS = YES_AGGRESSIVE;
				GCC_WARN_UNUSED_FUNCTION = YES;
				GCC_WARN_UNUSED_VARIABLE = YES;
				MACOSX_DEPLOYMENT_TARGET = 10.10;
				MTL_ENABLE_DEBUG_INFO = YES;
				ONLY_ACTIVE_ARCH = YES;
				SDKROOT = macosx;
			};
			name = Debug;
		};
		6507B9FC1CC1DDA0003ABFD9 /* Release */ = {
			isa = XCBuildConfiguration;
			buildSettings = {
				ALWAYS_SEARCH_USER_PATHS = NO;
				CLANG_CXX_LANGUAGE_STANDARD = "gnu++0x";
				CLANG_CXX_LIBRARY = "libc++";
				CLANG_ENABLE_MODULES = YES;
				CLANG_ENABLE_OBJC_ARC = YES;
				CLANG_WARN_BOOL_CONVERSION = YES;
				CLANG_WARN_CONSTANT_CONVERSION = YES;
				CLANG_WARN_DIRECT_OBJC_ISA_USAGE = YES_ERROR;
				CLANG_WARN_EMPTY_BODY = YES;
				CLANG_WARN_ENUM_CONVERSION = YES;
				CLANG_WARN_INT_CONVERSION = YES;
				CLANG_WARN_OBJC_ROOT_CLASS = YES_ERROR;
				CLANG_WARN_UNREACHABLE_CODE = YES;
				CLANG_WARN__DUPLICATE_METHOD_MATCH = YES;
				COPY_PHASE_STRIP = NO;
				DEBUG_INFORMATION_FORMAT = "dwarf-with-dsym";
				ENABLE_NS_ASSERTIONS = NO;
				ENABLE_STRICT_OBJC_MSGSEND = YES;
				GCC_C_LANGUAGE_STANDARD = gnu99;
				GCC_NO_COMMON_BLOCKS = YES;
				GCC_WARN_64_TO_32_BIT_CONVERSION = YES;
				GCC_WARN_ABOUT_RETURN_TYPE = YES_ERROR;
				GCC_WARN_UNDECLARED_SELECTOR = YES;
				GCC_WARN_UNINITIALIZED_AUTOS = YES_AGGRESSIVE;
				GCC_WARN_UNUSED_FUNCTION = YES;
				GCC_WARN_UNUSED_VARIABLE = YES;
				MACOSX_DEPLOYMENT_TARGET = 10.10;
				MTL_ENABLE_DEBUG_INFO = NO;
				SDKROOT = macosx;
			};
			name = Release;
		};
		6507B9FE1CC1DDA0003ABFD9 /* Debug */ = {
			isa = XCBuildConfiguration;
			buildSettings = {
				PRODUCT_NAME = "$(TARGET_NAME)";
			};
			name = Debug;
		};
		6507B9FF1CC1DDA0003ABFD9 /* Release */ = {
			isa = XCBuildConfiguration;
			buildSettings = {
				PRODUCT_NAME = "$(TARGET_NAME)";
			};
			name = Release;
		};
/* End XCBuildConfiguration section */

/* Begin XCConfigurationList section */
		6507B9F11CC1DDA0003ABFD9 /* Build configuration list for PBXProject "binaryDataConvert" */ = {
			isa = XCConfigurationList;
			buildConfigurations = (
				6507B9FB1CC1DDA0003ABFD9 /* Debug */,
				6507B9FC1CC1DDA0003ABFD9 /* Release */,
			);
			defaultConfigurationIsVisible = 0;
			defaultConfigurationName = Release;
		};
		6507B9FD1CC1DDA0003ABFD9 /* Build configuration list for PBXNativeTarget "binaryDataConvert" */ = {
			isa = XCConfigurationList;
			buildConfigurations = (
				6507B9FE1CC1DDA0003ABFD9 /* Debug */,
				6507B9FF1CC1DDA0003ABFD9 /* Release */,
			);
			defaultConfigurationIsVisible = 0;
		};
/* End XCConfigurationList section */
	};
	rootObject = 6507B9EE1CC1DDA0003ABFD9 /* Project object */;
}
