// !$*UTF8*$!
{
	archiveVersion = 1;
	classes = {
	};
	objectVersion = 46;
	objects = {

/* Begin PBXBuildFile section */
		27A996131C59425400DBD3F3 /* main.cpp in Sources */ = {isa = PBXBuildFile; fileRef = 27A996121C59425400DBD3F3 /* main.cpp */; };
		27A9961B1C5951B300DBD3F3 /* AudioSerial.cpp in Sources */ = {isa = PBXBuildFile; fileRef = 27A996191C5951B300DBD3F3 /* AudioSerial.cpp */; };
/* End PBXBuildFile section */

/* Begin PBXCopyFilesBuildPhase section */
		27A9960D1C59425400DBD3F3 /* CopyFiles */ = {
			isa = PBXCopyFilesBuildPhase;
			buildActionMask = 2147483647;
			dstPath = /usr/share/man/man1/;
			dstSubfolderSpec = 0;
			files = (
			);
			runOnlyForDeploymentPostprocessing = 1;
		};
/* End PBXCopyFilesBuildPhase section */

/* Begin PBXFileReference section */
		27A9960F1C59425400DBD3F3 /* audioserialterminal */ = {isa = PBXFileReference; explicitFileType = "compiled.mach-o.executable"; includeInIndex = 0; path = audioserialterminal; sourceTree = BUILT_PRODUCTS_DIR; };
		27A996121C59425400DBD3F3 /* main.cpp */ = {isa = PBXFileReference; lastKnownFileType = sourcecode.cpp.cpp; path = main.cpp; sourceTree = "<group>"; };
		27A996191C5951B300DBD3F3 /* AudioSerial.cpp */ = {isa = PBXFileReference; fileEncoding = 4; lastKnownFileType = sourcecode.cpp.cpp; path = AudioSerial.cpp; sourceTree = "<group>"; };
		27A9961A1C5951B300DBD3F3 /* AudioSerial.hpp */ = {isa = PBXFileReference; fileEncoding = 4; lastKnownFileType = sourcecode.cpp.h; path = AudioSerial.hpp; sourceTree = "<group>"; };
/* End PBXFileReference section */

/* Begin PBXFrameworksBuildPhase section */
		27A9960C1C59425400DBD3F3 /* Frameworks */ = {
			isa = PBXFrameworksBuildPhase;
			buildActionMask = 2147483647;
			files = (
			);
			runOnlyForDeploymentPostprocessing = 0;
		};
/* End PBXFrameworksBuildPhase section */

/* Begin PBXGroup section */
		27A996061C59425400DBD3F3 = {
			isa = PBXGroup;
			children = (
				27A996111C59425400DBD3F3 /* audioserialterminal */,
				27A996101C59425400DBD3F3 /* Products */,
			);
			sourceTree = "<group>";
		};
		27A996101C59425400DBD3F3 /* Products */ = {
			isa = PBXGroup;
			children = (
				27A9960F1C59425400DBD3F3 /* audioserialterminal */,
			);
			name = Products;
			sourceTree = "<group>";
		};
		27A996111C59425400DBD3F3 /* audioserialterminal */ = {
			isa = PBXGroup;
			children = (
				27A996121C59425400DBD3F3 /* main.cpp */,
				27A996191C5951B300DBD3F3 /* AudioSerial.cpp */,
				27A9961A1C5951B300DBD3F3 /* AudioSerial.hpp */,
			);
			path = audioserialterminal;
			sourceTree = "<group>";
		};
/* End PBXGroup section */

/* Begin PBXNativeTarget section */
		27A9960E1C59425400DBD3F3 /* audioserialterminal */ = {
			isa = PBXNativeTarget;
			buildConfigurationList = 27A996161C59425400DBD3F3 /* Build configuration list for PBXNativeTarget "audioserialterminal" */;
			buildPhases = (
				27A9960B1C59425400DBD3F3 /* Sources */,
				27A9960C1C59425400DBD3F3 /* Frameworks */,
				27A9960D1C59425400DBD3F3 /* CopyFiles */,
			);
			buildRules = (
			);
			dependencies = (
			);
			name = audioserialterminal;
			productName = audioserialterminal;
			productReference = 27A9960F1C59425400DBD3F3 /* audioserialterminal */;
			productType = "com.apple.product-type.tool";
		};
/* End PBXNativeTarget section */

/* Begin PBXProject section */
		27A996071C59425400DBD3F3 /* Project object */ = {
			isa = PBXProject;
			attributes = {
				LastUpgradeCheck = 0710;
				ORGANIZATIONNAME = jaunt;
				TargetAttributes = {
					27A9960E1C59425400DBD3F3 = {
						CreatedOnToolsVersion = 7.1.1;
					};
				};
			};
			buildConfigurationList = 27A9960A1C59425400DBD3F3 /* Build configuration list for PBXProject "audioserialterminal" */;
			compatibilityVersion = "Xcode 3.2";
			developmentRegion = English;
			hasScannedForEncodings = 0;
			knownRegions = (
				en,
			);
			mainGroup = 27A996061C59425400DBD3F3;
			productRefGroup = 27A996101C59425400DBD3F3 /* Products */;
			projectDirPath = "";
			projectRoot = "";
			targets = (
				27A9960E1C59425400DBD3F3 /* audioserialterminal */,
			);
		};
/* End PBXProject section */

/* Begin PBXSourcesBuildPhase section */
		27A9960B1C59425400DBD3F3 /* Sources */ = {
			isa = PBXSourcesBuildPhase;
			buildActionMask = 2147483647;
			files = (
				27A9961B1C5951B300DBD3F3 /* AudioSerial.cpp in Sources */,
				27A996131C59425400DBD3F3 /* main.cpp in Sources */,
			);
			runOnlyForDeploymentPostprocessing = 0;
		};
/* End PBXSourcesBuildPhase section */

/* Begin XCBuildConfiguration section */
		27A996141C59425400DBD3F3 /* Debug */ = {
			isa = XCBuildConfiguration;
			buildSettings = {
				ALWAYS_SEARCH_USER_PATHS = NO;
				CLANG_CXX_LANGUAGE_STANDARD = "gnu++0x";
				CLANG_CXX_LIBRARY = "libc++";
				CLANG_ENABLE_MODULES = YES;
				CLANG_ENABLE_OBJC_ARC = YES;
				CLANG_WARN_BOOL_CONVERSION = YES;
				CLANG_WARN_CONSTANT_CONVERSION = YES;
				CLANG_WARN_DIRECT_OBJC_ISA_USAGE = YES_ERROR;
				CLANG_WARN_EMPTY_BODY = YES;
				CLANG_WARN_ENUM_CONVERSION = YES;
				CLANG_WARN_INT_CONVERSION = YES;
				CLANG_WARN_OBJC_ROOT_CLASS = YES_ERROR;
				CLANG_WARN_UNREACHABLE_CODE = YES;
				CLANG_WARN__DUPLICATE_METHOD_MATCH = YES;
				CODE_SIGN_IDENTITY = "-";
				COPY_PHASE_STRIP = NO;
				DEBUG_INFORMATION_FORMAT = dwarf;
				ENABLE_STRICT_OBJC_MSGSEND = YES;
				ENABLE_TESTABILITY = YES;
				GCC_C_LANGUAGE_STANDARD = gnu99;
				GCC_DYNAMIC_NO_PIC = NO;
				GCC_NO_COMMON_BLOCKS = YES;
				GCC_OPTIMIZATION_LEVEL = 0;
				GCC_PREPROCESSOR_DEFINITIONS = (
					"DEBUG=1",
					"$(inherited)",
				);
				GCC_WARN_64_TO_32_BIT_CONVERSION = YES;
				GCC_WARN_ABOUT_RETURN_TYPE = YES_ERROR;
				GCC_WARN_UNDECLARED_SELECTOR = YES;
				GCC_WARN_UNINITIALIZED_AUTOS = YES_AGGRESSIVE;
				GCC_WARN_UNUSED_FUNCTION = YES;
				GCC_WARN_UNUSED_VARIABLE = YES;
				MACOSX_DEPLOYMENT_TARGET = 10.10;
				MTL_ENABLE_DEBUG_INFO = YES;
				ONLY_ACTIVE_ARCH = YES;
				SDKROOT = macosx;
			};
			name = Debug;
		};
		27A996151C59425400DBD3F3 /* Release */ = {
			isa = XCBuildConfiguration;
			buildSettings = {
				ALWAYS_SEARCH_USER_PATHS = NO;
				CLANG_CXX_LANGUAGE_STANDARD = "gnu++0x";
				CLANG_CXX_LIBRARY = "libc++";
				CLANG_ENABLE_MODULES = YES;
				CLANG_ENABLE_OBJC_ARC = YES;
				CLANG_WARN_BOOL_CONVERSION = YES;
				CLANG_WARN_CONSTANT_CONVERSION = YES;
				CLANG_WARN_DIRECT_OBJC_ISA_USAGE = YES_ERROR;
				CLANG_WARN_EMPTY_BODY = YES;
				CLANG_WARN_ENUM_CONVERSION = YES;
				CLANG_WARN_INT_CONVERSION = YES;
				CLANG_WARN_OBJC_ROOT_CLASS = YES_ERROR;
				CLANG_WARN_UNREACHABLE_CODE = YES;
				CLANG_WARN__DUPLICATE_METHOD_MATCH = YES;
				CODE_SIGN_IDENTITY = "-";
				COPY_PHASE_STRIP = NO;
				DEBUG_INFORMATION_FORMAT = "dwarf-with-dsym";
				ENABLE_NS_ASSERTIONS = NO;
				ENABLE_STRICT_OBJC_MSGSEND = YES;
				GCC_C_LANGUAGE_STANDARD = gnu99;
				GCC_NO_COMMON_BLOCKS = YES;
				GCC_WARN_64_TO_32_BIT_CONVERSION = YES;
				GCC_WARN_ABOUT_RETURN_TYPE = YES_ERROR;
				GCC_WARN_UNDECLARED_SELECTOR = YES;
				GCC_WARN_UNINITIALIZED_AUTOS = YES_AGGRESSIVE;
				GCC_WARN_UNUSED_FUNCTION = YES;
				GCC_WARN_UNUSED_VARIABLE = YES;
				MACOSX_DEPLOYMENT_TARGET = 10.10;
				MTL_ENABLE_DEBUG_INFO = NO;
				SDKROOT = macosx;
			};
			name = Release;
		};
		27A996171C59425400DBD3F3 /* Debug */ = {
			isa = XCBuildConfiguration;
			buildSettings = {
				PRODUCT_NAME = "$(TARGET_NAME)";
			};
			name = Debug;
		};
		27A996181C59425400DBD3F3 /* Release */ = {
			isa = XCBuildConfiguration;
			buildSettings = {
				PRODUCT_NAME = "$(TARGET_NAME)";
			};
			name = Release;
		};
/* End XCBuildConfiguration section */

/* Begin XCConfigurationList section */
		27A9960A1C59425400DBD3F3 /* Build configuration list for PBXProject "audioserialterminal" */ = {
			isa = XCConfigurationList;
			buildConfigurations = (
				27A996141C59425400DBD3F3 /* Debug */,
				27A996151C59425400DBD3F3 /* Release */,
			);
			defaultConfigurationIsVisible = 0;
			defaultConfigurationName = Release;
		};
		27A996161C59425400DBD3F3 /* Build configuration list for PBXNativeTarget "audioserialterminal" */ = {
			isa = XCConfigurationList;
			buildConfigurations = (
				27A996171C59425400DBD3F3 /* Debug */,
				27A996181C59425400DBD3F3 /* Release */,
			);
			defaultConfigurationIsVisible = 0;
		};
/* End XCConfigurationList section */
	};
	rootObject = 27A996071C59425400DBD3F3 /* Project object */;
}
