// !$*UTF8*$!
{
	archiveVersion = 1;
	classes = {
	};
	objectVersion = 46;
	objects = {

/* Begin PBXBuildFile section */
		65B871961E824649008DA500 /* Image.cpp in Sources */ = {isa = PBXBuildFile; fileRef = 65B871911E824649008DA500 /* Image.cpp */; };
		65B871971E824649008DA500 /* Ditherer.cpp in Sources */ = {isa = PBXBuildFile; fileRef = 65B871931E824649008DA500 /* Ditherer.cpp */; };
		65B871981E824649008DA500 /* C64Image.cpp in Sources */ = {isa = PBXBuildFile; fileRef = 65B871951E824649008DA500 /* C64Image.cpp */; };
		65ED46DC1E611DDA00DEF53D /* timer.cpp in Sources */ = {isa = PBXBuildFile; fileRef = 65ED46DB1E611DDA00DEF53D /* timer.cpp */; };
		F9244E9E1E57AEAE00E87351 /* main.cpp in Sources */ = {isa = PBXBuildFile; fileRef = F9244E9D1E57AEAE00E87351 /* main.cpp */; };
/* End PBXBuildFile section */

/* Begin PBXCopyFilesBuildPhase section */
		F9244E981E57AEAE00E87351 /* CopyFiles */ = {
			isa = PBXCopyFilesBuildPhase;
			buildActionMask = 2147483647;
			dstPath = /usr/share/man/man1/;
			dstSubfolderSpec = 0;
			files = (
			);
			runOnlyForDeploymentPostprocessing = 1;
		};
/* End PBXCopyFilesBuildPhase section */

/* Begin PBXFileReference section */
		659F22ED1E7F259D000F8FCB /* StringTools.h */ = {isa = PBXFileReference; lastKnownFileType = sourcecode.c.h; name = StringTools.h; path = ../../shared/StringTools.h; sourceTree = "<group>"; };
		65B8718F1E8245C2008DA500 /* c64_colors.h */ = {isa = PBXFileReference; lastKnownFileType = sourcecode.c.h; name = c64_colors.h; path = ../../shared/c64_colors.h; sourceTree = "<group>"; };
		65B871901E824649008DA500 /* Image.hpp */ = {isa = PBXFileReference; fileEncoding = 4; lastKnownFileType = sourcecode.cpp.h; name = Image.hpp; path = ../../shared/Image.hpp; sourceTree = "<group>"; };
		65B871911E824649008DA500 /* Image.cpp */ = {isa = PBXFileReference; fileEncoding = 4; lastKnownFileType = sourcecode.cpp.cpp; name = Image.cpp; path = ../../shared/Image.cpp; sourceTree = "<group>"; };
		65B871921E824649008DA500 /* Ditherer.hpp */ = {isa = PBXFileReference; fileEncoding = 4; lastKnownFileType = sourcecode.cpp.h; name = Ditherer.hpp; path = ../../shared/Ditherer.hpp; sourceTree = "<group>"; };
		65B871931E824649008DA500 /* Ditherer.cpp */ = {isa = PBXFileReference; fileEncoding = 4; lastKnownFileType = sourcecode.cpp.cpp; name = Ditherer.cpp; path = ../../shared/Ditherer.cpp; sourceTree = "<group>"; };
		65B871941E824649008DA500 /* C64Image.hpp */ = {isa = PBXFileReference; fileEncoding = 4; lastKnownFileType = sourcecode.cpp.h; name = C64Image.hpp; path = ../../shared/C64Image.hpp; sourceTree = "<group>"; };
		65B871951E824649008DA500 /* C64Image.cpp */ = {isa = PBXFileReference; fileEncoding = 4; lastKnownFileType = sourcecode.cpp.cpp; name = C64Image.cpp; path = ../../shared/C64Image.cpp; sourceTree = "<group>"; };
		65ED46DB1E611DDA00DEF53D /* timer.cpp */ = {isa = PBXFileReference; fileEncoding = 4; lastKnownFileType = sourcecode.cpp.cpp; name = timer.cpp; path = ../../shared/timer.cpp; sourceTree = "<group>"; };
		F9244E9A1E57AEAE00E87351 /* imconv */ = {isa = PBXFileReference; explicitFileType = "compiled.mach-o.executable"; includeInIndex = 0; path = imconv; sourceTree = BUILT_PRODUCTS_DIR; };
		F9244E9D1E57AEAE00E87351 /* main.cpp */ = {isa = PBXFileReference; lastKnownFileType = sourcecode.cpp.cpp; path = main.cpp; sourceTree = "<group>"; };
/* End PBXFileReference section */

/* Begin PBXFrameworksBuildPhase section */
		F9244E971E57AEAE00E87351 /* Frameworks */ = {
			isa = PBXFrameworksBuildPhase;
			buildActionMask = 2147483647;
			files = (
			);
			runOnlyForDeploymentPostprocessing = 0;
		};
/* End PBXFrameworksBuildPhase section */

/* Begin PBXGroup section */
		65ED46DA1E611DC800DEF53D /* shared */ = {
			isa = PBXGroup;
			children = (
				65B871901E824649008DA500 /* Image.hpp */,
				65B871911E824649008DA500 /* Image.cpp */,
				65B871921E824649008DA500 /* Ditherer.hpp */,
				65B871931E824649008DA500 /* Ditherer.cpp */,
				65B871941E824649008DA500 /* C64Image.hpp */,
				65B871951E824649008DA500 /* C64Image.cpp */,
				65ED46DB1E611DDA00DEF53D /* timer.cpp */,
				659F22ED1E7F259D000F8FCB /* StringTools.h */,
				65B8718F1E8245C2008DA500 /* c64_colors.h */,
			);
			name = shared;
			sourceTree = "<group>";
		};
		F9244E911E57AEAE00E87351 = {
			isa = PBXGroup;
			children = (
				F9244E9C1E57AEAE00E87351 /* imconv */,
				F9244E9B1E57AEAE00E87351 /* Products */,
			);
			sourceTree = "<group>";
		};
		F9244E9B1E57AEAE00E87351 /* Products */ = {
			isa = PBXGroup;
			children = (
				F9244E9A1E57AEAE00E87351 /* imconv */,
			);
			name = Products;
			sourceTree = "<group>";
		};
		F9244E9C1E57AEAE00E87351 /* imconv */ = {
			isa = PBXGroup;
			children = (
				65ED46DA1E611DC800DEF53D /* shared */,
				F9244E9D1E57AEAE00E87351 /* main.cpp */,
			);
			path = imconv;
			sourceTree = "<group>";
		};
/* End PBXGroup section */

/* Begin PBXNativeTarget section */
		F9244E991E57AEAE00E87351 /* imconv */ = {
			isa = PBXNativeTarget;
			buildConfigurationList = F9244EA11E57AEAE00E87351 /* Build configuration list for PBXNativeTarget "imconv" */;
			buildPhases = (
				F9244E961E57AEAE00E87351 /* Sources */,
				F9244E971E57AEAE00E87351 /* Frameworks */,
				F9244E981E57AEAE00E87351 /* CopyFiles */,
			);
			buildRules = (
			);
			dependencies = (
			);
			name = imconv;
			productName = imconv;
			productReference = F9244E9A1E57AEAE00E87351 /* imconv */;
			productType = "com.apple.product-type.tool";
		};
/* End PBXNativeTarget section */

/* Begin PBXProject section */
		F9244E921E57AEAE00E87351 /* Project object */ = {
			isa = PBXProject;
			attributes = {
				LastUpgradeCheck = 0820;
				ORGANIZATIONNAME = "Michael Hill";
				TargetAttributes = {
					F9244E991E57AEAE00E87351 = {
						CreatedOnToolsVersion = 8.2.1;
						ProvisioningStyle = Automatic;
					};
				};
			};
			buildConfigurationList = F9244E951E57AEAE00E87351 /* Build configuration list for PBXProject "imconv" */;
			compatibilityVersion = "Xcode 3.2";
			developmentRegion = English;
			hasScannedForEncodings = 0;
			knownRegions = (
				en,
			);
			mainGroup = F9244E911E57AEAE00E87351;
			productRefGroup = F9244E9B1E57AEAE00E87351 /* Products */;
			projectDirPath = "";
			projectRoot = "";
			targets = (
				F9244E991E57AEAE00E87351 /* imconv */,
			);
		};
/* End PBXProject section */

/* Begin PBXSourcesBuildPhase section */
		F9244E961E57AEAE00E87351 /* Sources */ = {
			isa = PBXSourcesBuildPhase;
			buildActionMask = 2147483647;
			files = (
				F9244E9E1E57AEAE00E87351 /* main.cpp in Sources */,
				65B871961E824649008DA500 /* Image.cpp in Sources */,
				65B871981E824649008DA500 /* C64Image.cpp in Sources */,
				65B871971E824649008DA500 /* Ditherer.cpp in Sources */,
				65ED46DC1E611DDA00DEF53D /* timer.cpp in Sources */,
			);
			runOnlyForDeploymentPostprocessing = 0;
		};
/* End PBXSourcesBuildPhase section */

/* Begin XCBuildConfiguration section */
		F9244E9F1E57AEAE00E87351 /* Debug */ = {
			isa = XCBuildConfiguration;
			buildSettings = {
				ALWAYS_SEARCH_USER_PATHS = NO;
				CLANG_ANALYZER_NONNULL = YES;
				CLANG_CXX_LANGUAGE_STANDARD = "gnu++0x";
				CLANG_CXX_LIBRARY = "libc++";
				CLANG_ENABLE_MODULES = YES;
				CLANG_ENABLE_OBJC_ARC = YES;
				CLANG_WARN_BOOL_CONVERSION = YES;
				CLANG_WARN_CONSTANT_CONVERSION = YES;
				CLANG_WARN_DIRECT_OBJC_ISA_USAGE = YES_ERROR;
				CLANG_WARN_DOCUMENTATION_COMMENTS = YES;
				CLANG_WARN_EMPTY_BODY = YES;
				CLANG_WARN_ENUM_CONVERSION = YES;
				CLANG_WARN_INFINITE_RECURSION = YES;
				CLANG_WARN_INT_CONVERSION = YES;
				CLANG_WARN_OBJC_ROOT_CLASS = YES_ERROR;
				CLANG_WARN_SUSPICIOUS_MOVE = YES;
				CLANG_WARN_UNREACHABLE_CODE = YES;
				CLANG_WARN__DUPLICATE_METHOD_MATCH = YES;
				CODE_SIGN_IDENTITY = "-";
				COPY_PHASE_STRIP = NO;
				DEBUG_INFORMATION_FORMAT = dwarf;
				ENABLE_STRICT_OBJC_MSGSEND = YES;
				ENABLE_TESTABILITY = YES;
				GCC_C_LANGUAGE_STANDARD = gnu99;
				GCC_DYNAMIC_NO_PIC = NO;
				GCC_NO_COMMON_BLOCKS = YES;
				GCC_OPTIMIZATION_LEVEL = 0;
				GCC_PREPROCESSOR_DEFINITIONS = (
					"DEBUG=1",
					"$(inherited)",
				);
				GCC_WARN_64_TO_32_BIT_CONVERSION = YES;
				GCC_WARN_ABOUT_RETURN_TYPE = YES_ERROR;
				GCC_WARN_UNDECLARED_SELECTOR = YES;
				GCC_WARN_UNINITIALIZED_AUTOS = YES_AGGRESSIVE;
				GCC_WARN_UNUSED_FUNCTION = YES;
				GCC_WARN_UNUSED_VARIABLE = YES;
				MACOSX_DEPLOYMENT_TARGET = 10.11;
				MTL_ENABLE_DEBUG_INFO = YES;
				ONLY_ACTIVE_ARCH = YES;
				SDKROOT = macosx;
			};
			name = Debug;
		};
		F9244EA01E57AEAE00E87351 /* Release */ = {
			isa = XCBuildConfiguration;
			buildSettings = {
				ALWAYS_SEARCH_USER_PATHS = NO;
				CLANG_ANALYZER_NONNULL = YES;
				CLANG_CXX_LANGUAGE_STANDARD = "gnu++0x";
				CLANG_CXX_LIBRARY = "libc++";
				CLANG_ENABLE_MODULES = YES;
				CLANG_ENABLE_OBJC_ARC = YES;
				CLANG_WARN_BOOL_CONVERSION = YES;
				CLANG_WARN_CONSTANT_CONVERSION = YES;
				CLANG_WARN_DIRECT_OBJC_ISA_USAGE = YES_ERROR;
				CLANG_WARN_DOCUMENTATION_COMMENTS = YES;
				CLANG_WARN_EMPTY_BODY = YES;
				CLANG_WARN_ENUM_CONVERSION = YES;
				CLANG_WARN_INFINITE_RECURSION = YES;
				CLANG_WARN_INT_CONVERSION = YES;
				CLANG_WARN_OBJC_ROOT_CLASS = YES_ERROR;
				CLANG_WARN_SUSPICIOUS_MOVE = YES;
				CLANG_WARN_UNREACHABLE_CODE = YES;
				CLANG_WARN__DUPLICATE_METHOD_MATCH = YES;
				CODE_SIGN_IDENTITY = "-";
				COPY_PHASE_STRIP = NO;
				DEBUG_INFORMATION_FORMAT = "dwarf-with-dsym";
				ENABLE_NS_ASSERTIONS = NO;
				ENABLE_STRICT_OBJC_MSGSEND = YES;
				GCC_C_LANGUAGE_STANDARD = gnu99;
				GCC_NO_COMMON_BLOCKS = YES;
				GCC_WARN_64_TO_32_BIT_CONVERSION = YES;
				GCC_WARN_ABOUT_RETURN_TYPE = YES_ERROR;
				GCC_WARN_UNDECLARED_SELECTOR = YES;
				GCC_WARN_UNINITIALIZED_AUTOS = YES_AGGRESSIVE;
				GCC_WARN_UNUSED_FUNCTION = YES;
				GCC_WARN_UNUSED_VARIABLE = YES;
				MACOSX_DEPLOYMENT_TARGET = 10.11;
				MTL_ENABLE_DEBUG_INFO = NO;
				SDKROOT = macosx;
			};
			name = Release;
		};
		F9244EA21E57AEAE00E87351 /* Debug */ = {
			isa = XCBuildConfiguration;
			buildSettings = {
				HEADER_SEARCH_PATHS = ../shared;
				PRODUCT_NAME = "$(TARGET_NAME)";
			};
			name = Debug;
		};
		F9244EA31E57AEAE00E87351 /* Release */ = {
			isa = XCBuildConfiguration;
			buildSettings = {
				HEADER_SEARCH_PATHS = ../shared;
				PRODUCT_NAME = "$(TARGET_NAME)";
			};
			name = Release;
		};
/* End XCBuildConfiguration section */

/* Begin XCConfigurationList section */
		F9244E951E57AEAE00E87351 /* Build configuration list for PBXProject "imconv" */ = {
			isa = XCConfigurationList;
			buildConfigurations = (
				F9244E9F1E57AEAE00E87351 /* Debug */,
				F9244EA01E57AEAE00E87351 /* Release */,
			);
			defaultConfigurationIsVisible = 0;
			defaultConfigurationName = Release;
		};
		F9244EA11E57AEAE00E87351 /* Build configuration list for PBXNativeTarget "imconv" */ = {
			isa = XCConfigurationList;
			buildConfigurations = (
				F9244EA21E57AEAE00E87351 /* Debug */,
				F9244EA31E57AEAE00E87351 /* Release */,
			);
			defaultConfigurationIsVisible = 0;
			defaultConfigurationName = Release;
		};
/* End XCConfigurationList section */
	};
	rootObject = F9244E921E57AEAE00E87351 /* Project object */;
}
