// !$*UTF8*$!
{
	archiveVersion = 1;
	classes = {
	};
	objectVersion = 46;
	objects = {

/* Begin PBXBuildFile section */
		65B871A61E82473F008DA500 /* main.cpp in Sources */ = {isa = PBXBuildFile; fileRef = 65B871A51E82473F008DA500 /* main.cpp */; };
		65B871B41E82476B008DA500 /* Image.cpp in Sources */ = {isa = PBXBuildFile; fileRef = 65B871AE1E82476B008DA500 /* Image.cpp */; };
		65B871B51E82476B008DA500 /* Ditherer.cpp in Sources */ = {isa = PBXBuildFile; fileRef = 65B871B01E82476B008DA500 /* Ditherer.cpp */; };
		65B871B61E82476B008DA500 /* C64Image.cpp in Sources */ = {isa = PBXBuildFile; fileRef = 65B871B21E82476B008DA500 /* C64Image.cpp */; };
/* End PBXBuildFile section */

/* Begin PBXCopyFilesBuildPhase section */
		65B871A01E82473F008DA500 /* CopyFiles */ = {
			isa = PBXCopyFilesBuildPhase;
			buildActionMask = 2147483647;
			dstPath = /usr/share/man/man1/;
			dstSubfolderSpec = 0;
			files = (
			);
			runOnlyForDeploymentPostprocessing = 1;
		};
/* End PBXCopyFilesBuildPhase section */

/* Begin PBXFileReference section */
		65B871A21E82473F008DA500 /* batchc64convert */ = {isa = PBXFileReference; explicitFileType = "compiled.mach-o.executable"; includeInIndex = 0; path = batchc64convert; sourceTree = BUILT_PRODUCTS_DIR; };
		65B871A51E82473F008DA500 /* main.cpp */ = {isa = PBXFileReference; lastKnownFileType = sourcecode.cpp.cpp; path = main.cpp; sourceTree = "<group>"; };
		65B871AD1E82476B008DA500 /* Image.hpp */ = {isa = PBXFileReference; fileEncoding = 4; lastKnownFileType = sourcecode.cpp.h; name = Image.hpp; path = ../shared/Image.hpp; sourceTree = "<group>"; };
		65B871AE1E82476B008DA500 /* Image.cpp */ = {isa = PBXFileReference; fileEncoding = 4; lastKnownFileType = sourcecode.cpp.cpp; name = Image.cpp; path = ../shared/Image.cpp; sourceTree = "<group>"; };
		65B871AF1E82476B008DA500 /* Ditherer.hpp */ = {isa = PBXFileReference; fileEncoding = 4; lastKnownFileType = sourcecode.cpp.h; name = Ditherer.hpp; path = ../shared/Ditherer.hpp; sourceTree = "<group>"; };
		65B871B01E82476B008DA500 /* Ditherer.cpp */ = {isa = PBXFileReference; fileEncoding = 4; lastKnownFileType = sourcecode.cpp.cpp; name = Ditherer.cpp; path = ../shared/Ditherer.cpp; sourceTree = "<group>"; };
		65B871B11E82476B008DA500 /* C64Image.hpp */ = {isa = PBXFileReference; fileEncoding = 4; lastKnownFileType = sourcecode.cpp.h; name = C64Image.hpp; path = ../shared/C64Image.hpp; sourceTree = "<group>"; };
		65B871B21E82476B008DA500 /* C64Image.cpp */ = {isa = PBXFileReference; fileEncoding = 4; lastKnownFileType = sourcecode.cpp.cpp; name = C64Image.cpp; path = ../shared/C64Image.cpp; sourceTree = "<group>"; };
		65B871B31E82476B008DA500 /* c64_colors.h */ = {isa = PBXFileReference; fileEncoding = 4; lastKnownFileType = sourcecode.c.h; name = c64_colors.h; path = ../shared/c64_colors.h; sourceTree = "<group>"; };
/* End PBXFileReference section */

/* Begin PBXFrameworksBuildPhase section */
		65B8719F1E82473F008DA500 /* Frameworks */ = {
			isa = PBXFrameworksBuildPhase;
			buildActionMask = 2147483647;
			files = (
			);
			runOnlyForDeploymentPostprocessing = 0;
		};
/* End PBXFrameworksBuildPhase section */

/* Begin PBXGroup section */
		65B871991E82473F008DA500 = {
			isa = PBXGroup;
			children = (
				65B871AC1E824752008DA500 /* shared */,
				65B871A41E82473F008DA500 /* batchc64convert */,
				65B871A31E82473F008DA500 /* Products */,
			);
			sourceTree = "<group>";
		};
		65B871A31E82473F008DA500 /* Products */ = {
			isa = PBXGroup;
			children = (
				65B871A21E82473F008DA500 /* batchc64convert */,
			);
			name = Products;
			sourceTree = "<group>";
		};
		65B871A41E82473F008DA500 /* batchc64convert */ = {
			isa = PBXGroup;
			children = (
				65B871A51E82473F008DA500 /* main.cpp */,
			);
			path = batchc64convert;
			sourceTree = "<group>";
		};
		65B871AC1E824752008DA500 /* shared */ = {
			isa = PBXGroup;
			children = (
				65B871AD1E82476B008DA500 /* Image.hpp */,
				65B871AE1E82476B008DA500 /* Image.cpp */,
				65B871AF1E82476B008DA500 /* Ditherer.hpp */,
				65B871B01E82476B008DA500 /* Ditherer.cpp */,
				65B871B11E82476B008DA500 /* C64Image.hpp */,
				65B871B21E82476B008DA500 /* C64Image.cpp */,
				65B871B31E82476B008DA500 /* c64_colors.h */,
			);
			name = shared;
			sourceTree = "<group>";
		};
/* End PBXGroup section */

/* Begin PBXNativeTarget section */
		65B871A11E82473F008DA500 /* batchc64convert */ = {
			isa = PBXNativeTarget;
			buildConfigurationList = 65B871A91E82473F008DA500 /* Build configuration list for PBXNativeTarget "batchc64convert" */;
			buildPhases = (
				65B8719E1E82473F008DA500 /* Sources */,
				65B8719F1E82473F008DA500 /* Frameworks */,
				65B871A01E82473F008DA500 /* CopyFiles */,
			);
			buildRules = (
			);
			dependencies = (
			);
			name = batchc64convert;
			productName = batchc64convert;
			productReference = 65B871A21E82473F008DA500 /* batchc64convert */;
			productType = "com.apple.product-type.tool";
		};
/* End PBXNativeTarget section */

/* Begin PBXProject section */
		65B8719A1E82473F008DA500 /* Project object */ = {
			isa = PBXProject;
			attributes = {
				LastUpgradeCheck = 0720;
				ORGANIZATIONNAME = "Michael Hill";
				TargetAttributes = {
					65B871A11E82473F008DA500 = {
						CreatedOnToolsVersion = 7.2.1;
					};
				};
			};
			buildConfigurationList = 65B8719D1E82473F008DA500 /* Build configuration list for PBXProject "batchc64convert" */;
			compatibilityVersion = "Xcode 3.2";
			developmentRegion = English;
			hasScannedForEncodings = 0;
			knownRegions = (
				en,
			);
			mainGroup = 65B871991E82473F008DA500;
			productRefGroup = 65B871A31E82473F008DA500 /* Products */;
			projectDirPath = "";
			projectRoot = "";
			targets = (
				65B871A11E82473F008DA500 /* batchc64convert */,
			);
		};
/* End PBXProject section */

/* Begin PBXSourcesBuildPhase section */
		65B8719E1E82473F008DA500 /* Sources */ = {
			isa = PBXSourcesBuildPhase;
			buildActionMask = 2147483647;
			files = (
				65B871A61E82473F008DA500 /* main.cpp in Sources */,
				65B871B61E82476B008DA500 /* C64Image.cpp in Sources */,
				65B871B51E82476B008DA500 /* Ditherer.cpp in Sources */,
				65B871B41E82476B008DA500 /* Image.cpp in Sources */,
			);
			runOnlyForDeploymentPostprocessing = 0;
		};
/* End PBXSourcesBuildPhase section */

/* Begin XCBuildConfiguration section */
		65B871A71E82473F008DA500 /* Debug */ = {
			isa = XCBuildConfiguration;
			buildSettings = {
				ALWAYS_SEARCH_USER_PATHS = NO;
				CLANG_CXX_LANGUAGE_STANDARD = "gnu++0x";
				CLANG_CXX_LIBRARY = "libc++";
				CLANG_ENABLE_MODULES = YES;
				CLANG_ENABLE_OBJC_ARC = YES;
				CLANG_WARN_BOOL_CONVERSION = YES;
				CLANG_WARN_CONSTANT_CONVERSION = YES;
				CLANG_WARN_DIRECT_OBJC_ISA_USAGE = YES_ERROR;
				CLANG_WARN_EMPTY_BODY = YES;
				CLANG_WARN_ENUM_CONVERSION = YES;
				CLANG_WARN_INT_CONVERSION = YES;
				CLANG_WARN_OBJC_ROOT_CLASS = YES_ERROR;
				CLANG_WARN_UNREACHABLE_CODE = YES;
				CLANG_WARN__DUPLICATE_METHOD_MATCH = YES;
				CODE_SIGN_IDENTITY = "-";
				COPY_PHASE_STRIP = NO;
				DEBUG_INFORMATION_FORMAT = dwarf;
				ENABLE_STRICT_OBJC_MSGSEND = YES;
				ENABLE_TESTABILITY = YES;
				GCC_C_LANGUAGE_STANDARD = gnu99;
				GCC_DYNAMIC_NO_PIC = NO;
				GCC_NO_COMMON_BLOCKS = YES;
				GCC_OPTIMIZATION_LEVEL = 0;
				GCC_PREPROCESSOR_DEFINITIONS = (
					"DEBUG=1",
					"$(inherited)",
				);
				GCC_WARN_64_TO_32_BIT_CONVERSION = YES;
				GCC_WARN_ABOUT_RETURN_TYPE = YES_ERROR;
				GCC_WARN_UNDECLARED_SELECTOR = YES;
				GCC_WARN_UNINITIALIZED_AUTOS = YES_AGGRESSIVE;
				GCC_WARN_UNUSED_FUNCTION = YES;
				GCC_WARN_UNUSED_VARIABLE = YES;
				MACOSX_DEPLOYMENT_TARGET = 10.12;
				MTL_ENABLE_DEBUG_INFO = YES;
				ONLY_ACTIVE_ARCH = YES;
				SDKROOT = macosx;
			};
			name = Debug;
		};
		65B871A81E82473F008DA500 /* Release */ = {
			isa = XCBuildConfiguration;
			buildSettings = {
				ALWAYS_SEARCH_USER_PATHS = NO;
				CLANG_CXX_LANGUAGE_STANDARD = "gnu++0x";
				CLANG_CXX_LIBRARY = "libc++";
				CLANG_ENABLE_MODULES = YES;
				CLANG_ENABLE_OBJC_ARC = YES;
				CLANG_WARN_BOOL_CONVERSION = YES;
				CLANG_WARN_CONSTANT_CONVERSION = YES;
				CLANG_WARN_DIRECT_OBJC_ISA_USAGE = YES_ERROR;
				CLANG_WARN_EMPTY_BODY = YES;
				CLANG_WARN_ENUM_CONVERSION = YES;
				CLANG_WARN_INT_CONVERSION = YES;
				CLANG_WARN_OBJC_ROOT_CLASS = YES_ERROR;
				CLANG_WARN_UNREACHABLE_CODE = YES;
				CLANG_WARN__DUPLICATE_METHOD_MATCH = YES;
				CODE_SIGN_IDENTITY = "-";
				COPY_PHASE_STRIP = NO;
				DEBUG_INFORMATION_FORMAT = "dwarf-with-dsym";
				ENABLE_NS_ASSERTIONS = NO;
				ENABLE_STRICT_OBJC_MSGSEND = YES;
				GCC_C_LANGUAGE_STANDARD = gnu99;
				GCC_NO_COMMON_BLOCKS = YES;
				GCC_WARN_64_TO_32_BIT_CONVERSION = YES;
				GCC_WARN_ABOUT_RETURN_TYPE = YES_ERROR;
				GCC_WARN_UNDECLARED_SELECTOR = YES;
				GCC_WARN_UNINITIALIZED_AUTOS = YES_AGGRESSIVE;
				GCC_WARN_UNUSED_FUNCTION = YES;
				GCC_WARN_UNUSED_VARIABLE = YES;
				MACOSX_DEPLOYMENT_TARGET = 10.12;
				MTL_ENABLE_DEBUG_INFO = NO;
				SDKROOT = macosx;
			};
			name = Release;
		};
		65B871AA1E82473F008DA500 /* Debug */ = {
			isa = XCBuildConfiguration;
			buildSettings = {
				PRODUCT_NAME = "$(TARGET_NAME)";
			};
			name = Debug;
		};
		65B871AB1E82473F008DA500 /* Release */ = {
			isa = XCBuildConfiguration;
			buildSettings = {
				PRODUCT_NAME = "$(TARGET_NAME)";
			};
			name = Release;
		};
/* End XCBuildConfiguration section */

/* Begin XCConfigurationList section */
		65B8719D1E82473F008DA500 /* Build configuration list for PBXProject "batchc64convert" */ = {
			isa = XCConfigurationList;
			buildConfigurations = (
				65B871A71E82473F008DA500 /* Debug */,
				65B871A81E82473F008DA500 /* Release */,
			);
			defaultConfigurationIsVisible = 0;
			defaultConfigurationName = Release;
		};
		65B871A91E82473F008DA500 /* Build configuration list for PBXNativeTarget "batchc64convert" */ = {
			isa = XCConfigurationList;
			buildConfigurations = (
				65B871AA1E82473F008DA500 /* Debug */,
				65B871AB1E82473F008DA500 /* Release */,
			);
			defaultConfigurationIsVisible = 0;
		};
/* End XCConfigurationList section */
	};
	rootObject = 65B8719A1E82473F008DA500 /* Project object */;
}
